
Microsoft Visual Studio Solution File, Format Version 12.00
# Visual Studio Version 17
VisualStudioVersion = 17.12.35707.178
MinimumVisualStudioVersion = 10.0.40219.1
Project("{E53339B2-1760-4266-BCC7-CA923CBCF16C}") = "docker-compose", "docker-compose.dcproj", "{7D2D53A2-92C8-48A8-9750-BFA1ED407A68}"
EndProject
Project("{FAE04EC0-301F-11D3-BF4B-00C04F79EFBC}") = "BikeSensors.API", "BikeSensors.API\BikeSensors.API.csproj", "{026FCD69-A47E-4F2A-A0E0-CDBA6C848962}"
EndProject
Project("{2150E333-8FDC-42A3-9474-1A3956D46DE8}") = "Solution Items", "Solution Items", "{7F314AB3-1DBD-41AF-834F-5F5265F1AFD4}"
	ProjectSection(SolutionItems) = preProject
		.editorconfig = .editorconfig
	EndProjectSection
EndProject
Global
	GlobalSection(SolutionConfigurationPlatforms) = preSolution
		Debug|Any CPU = Debug|Any CPU
		Release|Any CPU = Release|Any CPU
	EndGlobalSection
	GlobalSection(ProjectConfigurationPlatforms) = postSolution
		{7D2D53A2-92C8-48A8-9750-BFA1ED407A68}.Debug|Any CPU.ActiveCfg = Debug|Any CPU
		{7D2D53A2-92C8-48A8-9750-BFA1ED407A68}.Debug|Any CPU.Build.0 = Debug|Any CPU
		{7D2D53A2-92C8-48A8-9750-BFA1ED407A68}.Release|Any CPU.ActiveCfg = Release|Any CPU
		{7D2D53A2-92C8-48A8-9750-BFA1ED407A68}.Release|Any CPU.Build.0 = Release|Any CPU
		{026FCD69-A47E-4F2A-A0E0-CDBA6C848962}.Debug|Any CPU.ActiveCfg = Debug|Any CPU
		{026FCD69-A47E-4F2A-A0E0-CDBA6C848962}.Debug|Any CPU.Build.0 = Debug|Any CPU
		{026FCD69-A47E-4F2A-A0E0-CDBA6C848962}.Release|Any CPU.ActiveCfg = Release|Any CPU
		{026FCD69-A47E-4F2A-A0E0-CDBA6C848962}.Release|Any CPU.Build.0 = Release|Any CPU
	EndGlobalSection
	GlobalSection(SolutionProperties) = preSolution
		HideSolutionNode = FALSE
	EndGlobalSection
EndGlobal
